
Microsoft Visual Studio Solution File, Format Version 12.00
# Visual Studio Version 17
VisualStudioVersion = 17.10.35013.160
MinimumVisualStudioVersion = 10.0.40219.1
Project("{9A19103F-16F7-4668-BE54-9A1E7A4F7556}") = "ResevationBackend", "ResevationBackend\ResevationBackend.csproj", "{FD508065-6638-4DEA-94C3-A88B7B68B22F}"
EndProject
Project("{FAE04EC0-301F-11D3-BF4B-00C04F79EFBC}") = "ReservationBackendTests", "ReservationBackendTests\ReservationBackendTests.csproj", "{A359A700-FA4F-4877-A486-AF01D6877209}"
EndProject
Global
	GlobalSection(SolutionConfigurationPlatforms) = preSolution
		Debug|Any CPU = Debug|Any CPU
		Release|Any CPU = Release|Any CPU
	EndGlobalSection
	GlobalSection(ProjectConfigurationPlatforms) = postSolution
		{FD508065-6638-4DEA-94C3-A88B7B68B22F}.Debug|Any CPU.ActiveCfg = Debug|Any CPU
		{FD508065-6638-4DEA-94C3-A88B7B68B22F}.Debug|Any CPU.Build.0 = Debug|Any CPU
		{FD508065-6638-4DEA-94C3-A88B7B68B22F}.Release|Any CPU.ActiveCfg = Release|Any CPU
		{FD508065-6638-4DEA-94C3-A88B7B68B22F}.Release|Any CPU.Build.0 = Release|Any CPU
		{A359A700-FA4F-4877-A486-AF01D6877209}.Debug|Any CPU.ActiveCfg = Debug|Any CPU
		{A359A700-FA4F-4877-A486-AF01D6877209}.Debug|Any CPU.Build.0 = Debug|Any CPU
		{A359A700-FA4F-4877-A486-AF01D6877209}.Release|Any CPU.ActiveCfg = Release|Any CPU
		{A359A700-FA4F-4877-A486-AF01D6877209}.Release|Any CPU.Build.0 = Release|Any CPU
	EndGlobalSection
	GlobalSection(SolutionProperties) = preSolution
		HideSolutionNode = FALSE
	EndGlobalSection
	GlobalSection(ExtensibilityGlobals) = postSolution
		SolutionGuid = {EAF3F5AC-BE6E-40A7-BC61-0F17F6BE6B60}
	EndGlobalSection
EndGlobal
